
Microsoft Visual Studio Solution File, Format Version 11.00
# Visual Studio 2010
Project("{FAE04EC0-301F-11D3-BF4B-00C04F79EFBC}") = "DesignMenu", "DesignMenu\DesignMenu.csproj", "{d88966aa-50ea-4fd2-a1d7-d59114e27e77}"
EndProject
Global
	GlobalSection(SolutionConfigurationPlatforms) = preSolution
		Debug|Any CPU = Debug|Any CPU
		Release|Any CPU = Release|Any CPU
	EndGlobalSection
	GlobalSection(ProjectConfigurationPlatforms) = postSolution
		{D88966AA-50EA-4FD2-A1D7-D59114E27E77}.Debug|Any CPU.ActiveCfg = Debug|Any CPU
		{D88966AA-50EA-4FD2-A1D7-D59114E27E77}.Debug|Any CPU.Build.0 = Debug|Any CPU
		{D88966AA-50EA-4FD2-A1D7-D59114E27E77}.Release|Any CPU.ActiveCfg = Release|Any CPU
		{D88966AA-50EA-4FD2-A1D7-D59114E27E77}.Release|Any CPU.Build.0 = Release|Any CPU
	EndGlobalSection
EndGlobal
