
Microsoft Visual Studio Solution File, Format Version 11.00
# Visual Studio 2010
Project("{FAE04EC0-301F-11D3-BF4B-00C04F79EFBC}") = "PluginApp", "PluginApp\PluginApp.csproj", "{B537E16D-1AA6-47E6-B57F-DC39598E495F}"
EndProject
Global
	GlobalSection(SolutionConfigurationPlatforms) = preSolution
		Debug|Any CPU = Debug|Any CPU
		Release|Any CPU = Release|Any CPU
	EndGlobalSection
	GlobalSection(ProjectConfigurationPlatforms) = postSolution
		{B537E16D-1AA6-47E6-B57F-DC39598E495F}.Debug|Any CPU.ActiveCfg = Debug|Any CPU
		{B537E16D-1AA6-47E6-B57F-DC39598E495F}.Debug|Any CPU.Build.0 = Debug|Any CPU
		{B537E16D-1AA6-47E6-B57F-DC39598E495F}.Release|Any CPU.ActiveCfg = Release|Any CPU
		{B537E16D-1AA6-47E6-B57F-DC39598E495F}.Release|Any CPU.Build.0 = Release|Any CPU
	EndGlobalSection
	GlobalSection(SolutionProperties) = preSolution
		HideSolutionNode = FALSE
	EndGlobalSection
EndGlobal
