
Microsoft Visual Studio Solution File, Format Version 11.00
# Visual Studio 2010
Project("{FAE04EC0-301F-11D3-BF4B-00C04F79EFBC}") = "Views", "Views\Views.csproj", "{97598089-A81D-4EF4-8ED0-BF17D3B6FAC6}"
EndProject
Project("{FAE04EC0-301F-11D3-BF4B-00C04F79EFBC}") = "Data", "Data\Data.csproj", "{A59F6BBD-F6FC-49D3-B613-B92E38E031D9}"
EndProject
Project("{FAE04EC0-301F-11D3-BF4B-00C04F79EFBC}") = "Services", "Services\Services.csproj", "{C8F81AF4-F9CB-4DE1-9848-B50C4D12C42F}"
EndProject
Project("{FAE04EC0-301F-11D3-BF4B-00C04F79EFBC}") = "ViewModels", "ViewModels\ViewModels.csproj", "{F8C66FF4-152F-42A7-B550-D134F5D26B0B}"
EndProject
Project("{FAE04EC0-301F-11D3-BF4B-00C04F79EFBC}") = "Common", "Common\Common.csproj", "{3CA470F0-3B93-43D2-A61C-5B938AD5618C}"
EndProject
Project("{FAE04EC0-301F-11D3-BF4B-00C04F79EFBC}") = "Interfaces", "Interfaces\Interfaces.csproj", "{923DA79D-28D6-483A-8654-60745D9F804C}"
EndProject
Global
	GlobalSection(SolutionConfigurationPlatforms) = preSolution
		Debug|Any CPU = Debug|Any CPU
		Debug|Mixed Platforms = Debug|Mixed Platforms
		Debug|x86 = Debug|x86
		Release|Any CPU = Release|Any CPU
		Release|Mixed Platforms = Release|Mixed Platforms
		Release|x86 = Release|x86
	EndGlobalSection
	GlobalSection(ProjectConfigurationPlatforms) = postSolution
		{97598089-A81D-4EF4-8ED0-BF17D3B6FAC6}.Debug|Any CPU.ActiveCfg = Debug|x86
		{97598089-A81D-4EF4-8ED0-BF17D3B6FAC6}.Debug|Mixed Platforms.ActiveCfg = Debug|x86
		{97598089-A81D-4EF4-8ED0-BF17D3B6FAC6}.Debug|Mixed Platforms.Build.0 = Debug|x86
		{97598089-A81D-4EF4-8ED0-BF17D3B6FAC6}.Debug|x86.ActiveCfg = Debug|x86
		{97598089-A81D-4EF4-8ED0-BF17D3B6FAC6}.Debug|x86.Build.0 = Debug|x86
		{97598089-A81D-4EF4-8ED0-BF17D3B6FAC6}.Release|Any CPU.ActiveCfg = Release|x86
		{97598089-A81D-4EF4-8ED0-BF17D3B6FAC6}.Release|Mixed Platforms.ActiveCfg = Release|x86
		{97598089-A81D-4EF4-8ED0-BF17D3B6FAC6}.Release|Mixed Platforms.Build.0 = Release|x86
		{97598089-A81D-4EF4-8ED0-BF17D3B6FAC6}.Release|x86.ActiveCfg = Release|x86
		{97598089-A81D-4EF4-8ED0-BF17D3B6FAC6}.Release|x86.Build.0 = Release|x86
		{A59F6BBD-F6FC-49D3-B613-B92E38E031D9}.Debug|Any CPU.ActiveCfg = Debug|Any CPU
		{A59F6BBD-F6FC-49D3-B613-B92E38E031D9}.Debug|Any CPU.Build.0 = Debug|Any CPU
		{A59F6BBD-F6FC-49D3-B613-B92E38E031D9}.Debug|Mixed Platforms.ActiveCfg = Debug|Any CPU
		{A59F6BBD-F6FC-49D3-B613-B92E38E031D9}.Debug|Mixed Platforms.Build.0 = Debug|Any CPU
		{A59F6BBD-F6FC-49D3-B613-B92E38E031D9}.Debug|x86.ActiveCfg = Debug|Any CPU
		{A59F6BBD-F6FC-49D3-B613-B92E38E031D9}.Release|Any CPU.ActiveCfg = Release|Any CPU
		{A59F6BBD-F6FC-49D3-B613-B92E38E031D9}.Release|Any CPU.Build.0 = Release|Any CPU
		{A59F6BBD-F6FC-49D3-B613-B92E38E031D9}.Release|Mixed Platforms.ActiveCfg = Release|Any CPU
		{A59F6BBD-F6FC-49D3-B613-B92E38E031D9}.Release|Mixed Platforms.Build.0 = Release|Any CPU
		{A59F6BBD-F6FC-49D3-B613-B92E38E031D9}.Release|x86.ActiveCfg = Release|Any CPU
		{C8F81AF4-F9CB-4DE1-9848-B50C4D12C42F}.Debug|Any CPU.ActiveCfg = Debug|Any CPU
		{C8F81AF4-F9CB-4DE1-9848-B50C4D12C42F}.Debug|Any CPU.Build.0 = Debug|Any CPU
		{C8F81AF4-F9CB-4DE1-9848-B50C4D12C42F}.Debug|Mixed Platforms.ActiveCfg = Debug|Any CPU
		{C8F81AF4-F9CB-4DE1-9848-B50C4D12C42F}.Debug|Mixed Platforms.Build.0 = Debug|Any CPU
		{C8F81AF4-F9CB-4DE1-9848-B50C4D12C42F}.Debug|x86.ActiveCfg = Debug|Any CPU
		{C8F81AF4-F9CB-4DE1-9848-B50C4D12C42F}.Release|Any CPU.ActiveCfg = Release|Any CPU
		{C8F81AF4-F9CB-4DE1-9848-B50C4D12C42F}.Release|Any CPU.Build.0 = Release|Any CPU
		{C8F81AF4-F9CB-4DE1-9848-B50C4D12C42F}.Release|Mixed Platforms.ActiveCfg = Release|Any CPU
		{C8F81AF4-F9CB-4DE1-9848-B50C4D12C42F}.Release|Mixed Platforms.Build.0 = Release|Any CPU
		{C8F81AF4-F9CB-4DE1-9848-B50C4D12C42F}.Release|x86.ActiveCfg = Release|Any CPU
		{F8C66FF4-152F-42A7-B550-D134F5D26B0B}.Debug|Any CPU.ActiveCfg = Debug|Any CPU
		{F8C66FF4-152F-42A7-B550-D134F5D26B0B}.Debug|Any CPU.Build.0 = Debug|Any CPU
		{F8C66FF4-152F-42A7-B550-D134F5D26B0B}.Debug|Mixed Platforms.ActiveCfg = Debug|Any CPU
		{F8C66FF4-152F-42A7-B550-D134F5D26B0B}.Debug|Mixed Platforms.Build.0 = Debug|Any CPU
		{F8C66FF4-152F-42A7-B550-D134F5D26B0B}.Debug|x86.ActiveCfg = Debug|Any CPU
		{F8C66FF4-152F-42A7-B550-D134F5D26B0B}.Release|Any CPU.ActiveCfg = Release|Any CPU
		{F8C66FF4-152F-42A7-B550-D134F5D26B0B}.Release|Any CPU.Build.0 = Release|Any CPU
		{F8C66FF4-152F-42A7-B550-D134F5D26B0B}.Release|Mixed Platforms.ActiveCfg = Release|Any CPU
		{F8C66FF4-152F-42A7-B550-D134F5D26B0B}.Release|Mixed Platforms.Build.0 = Release|Any CPU
		{F8C66FF4-152F-42A7-B550-D134F5D26B0B}.Release|x86.ActiveCfg = Release|Any CPU
		{3CA470F0-3B93-43D2-A61C-5B938AD5618C}.Debug|Any CPU.ActiveCfg = Debug|Any CPU
		{3CA470F0-3B93-43D2-A61C-5B938AD5618C}.Debug|Any CPU.Build.0 = Debug|Any CPU
		{3CA470F0-3B93-43D2-A61C-5B938AD5618C}.Debug|Mixed Platforms.ActiveCfg = Debug|Any CPU
		{3CA470F0-3B93-43D2-A61C-5B938AD5618C}.Debug|Mixed Platforms.Build.0 = Debug|Any CPU
		{3CA470F0-3B93-43D2-A61C-5B938AD5618C}.Debug|x86.ActiveCfg = Debug|Any CPU
		{3CA470F0-3B93-43D2-A61C-5B938AD5618C}.Release|Any CPU.ActiveCfg = Release|Any CPU
		{3CA470F0-3B93-43D2-A61C-5B938AD5618C}.Release|Any CPU.Build.0 = Release|Any CPU
		{3CA470F0-3B93-43D2-A61C-5B938AD5618C}.Release|Mixed Platforms.ActiveCfg = Release|Any CPU
		{3CA470F0-3B93-43D2-A61C-5B938AD5618C}.Release|Mixed Platforms.Build.0 = Release|Any CPU
		{3CA470F0-3B93-43D2-A61C-5B938AD5618C}.Release|x86.ActiveCfg = Release|Any CPU
		{923DA79D-28D6-483A-8654-60745D9F804C}.Debug|Any CPU.ActiveCfg = Debug|Any CPU
		{923DA79D-28D6-483A-8654-60745D9F804C}.Debug|Any CPU.Build.0 = Debug|Any CPU
		{923DA79D-28D6-483A-8654-60745D9F804C}.Debug|Mixed Platforms.ActiveCfg = Debug|Any CPU
		{923DA79D-28D6-483A-8654-60745D9F804C}.Debug|Mixed Platforms.Build.0 = Debug|Any CPU
		{923DA79D-28D6-483A-8654-60745D9F804C}.Debug|x86.ActiveCfg = Debug|Any CPU
		{923DA79D-28D6-483A-8654-60745D9F804C}.Release|Any CPU.ActiveCfg = Release|Any CPU
		{923DA79D-28D6-483A-8654-60745D9F804C}.Release|Any CPU.Build.0 = Release|Any CPU
		{923DA79D-28D6-483A-8654-60745D9F804C}.Release|Mixed Platforms.ActiveCfg = Release|Any CPU
		{923DA79D-28D6-483A-8654-60745D9F804C}.Release|Mixed Platforms.Build.0 = Release|Any CPU
		{923DA79D-28D6-483A-8654-60745D9F804C}.Release|x86.ActiveCfg = Release|Any CPU
	EndGlobalSection
	GlobalSection(SolutionProperties) = preSolution
		HideSolutionNode = FALSE
	EndGlobalSection
	GlobalSection(ExtensibilityGlobals) = postSolution
		EnterpriseLibraryConfigurationToolBinariesPath = packages\Unity.2.1.505.0\lib\NET35
	EndGlobalSection
EndGlobal
